// !$*UTF8*$!
{
	archiveVersion = 1;
	classes = {
	};
	objectVersion = 48;
	objects = {

/* Begin PBXBuildFile section */
		6C0C81F92027CD4300E04D7E /* AppDelegate.swift in Sources */ = {isa = PBXBuildFile; fileRef = 6C0C81F82027CD4300E04D7E /* AppDelegate.swift */; };
		6C0C81FB2027CD4300E04D7E /* ViewController.swift in Sources */ = {isa = PBXBuildFile; fileRef = 6C0C81FA2027CD4300E04D7E /* ViewController.swift */; };
		6C0C81FE2027CD4300E04D7E /* Main.storyboard in Resources */ = {isa = PBXBuildFile; fileRef = 6C0C81FC2027CD4300E04D7E /* Main.storyboard */; };
		6C0C82002027CD4300E04D7E /* Assets.xcassets in Resources */ = {isa = PBXBuildFile; fileRef = 6C0C81FF2027CD4300E04D7E /* Assets.xcassets */; };
		6C0C82032027CD4300E04D7E /* LaunchScreen.storyboard in Resources */ = {isa = PBXBuildFile; fileRef = 6C0C82012027CD4300E04D7E /* LaunchScreen.storyboard */; };
		6C0C820B2027CE3800E04D7E /* Inceptionv3.mlmodel in Sources */ = {isa = PBXBuildFile; fileRef = 6C0C820A2027CE3800E04D7E /* Inceptionv3.mlmodel */; };
/* End PBXBuildFile section */

/* Begin PBXFileReference section */
		6C0C81F52027CD4300E04D7E /* Hotdog.app */ = {isa = PBXFileReference; explicitFileType = wrapper.application; includeInIndex = 0; path = Hotdog.app; sourceTree = BUILT_PRODUCTS_DIR; };
		6C0C81F82027CD4300E04D7E /* AppDelegate.swift */ = {isa = PBXFileReference; lastKnownFileType = sourcecode.swift; path = AppDelegate.swift; sourceTree = "<group>"; };
		6C0C81FA2027CD4300E04D7E /* ViewController.swift */ = {isa = PBXFileReference; lastKnownFileType = sourcecode.swift; path = ViewController.swift; sourceTree = "<group>"; };
		6C0C81FD2027CD4300E04D7E /* Base */ = {isa = PBXFileReference; lastKnownFileType = file.storyboard; name = Base; path = Base.lproj/Main.storyboard; sourceTree = "<group>"; };
		6C0C81FF2027CD4300E04D7E /* Assets.xcassets */ = {isa = PBXFileReference; lastKnownFileType = folder.assetcatalog; path = Assets.xcassets; sourceTree = "<group>"; };
		6C0C82022027CD4300E04D7E /* Base */ = {isa = PBXFileReference; lastKnownFileType = file.storyboard; name = Base; path = Base.lproj/LaunchScreen.storyboard; sourceTree = "<group>"; };
		6C0C82042027CD4300E04D7E /* Info.plist */ = {isa = PBXFileReference; lastKnownFileType = text.plist.xml; path = Info.plist; sourceTree = "<group>"; };
		6C0C820A2027CE3800E04D7E /* Inceptionv3.mlmodel */ = {isa = PBXFileReference; lastKnownFileType = file.mlmodel; name = Inceptionv3.mlmodel; path = "../../CoreML-Models/Inceptionv3.mlmodel"; sourceTree = "<group>"; };
/* End PBXFileReference section */

/* Begin PBXFrameworksBuildPhase section */
		6C0C81F22027CD4200E04D7E /* Frameworks */ = {
			isa = PBXFrameworksBuildPhase;
			buildActionMask = 2147483647;
			files = (
			);
			runOnlyForDeploymentPostprocessing = 0;
		};
/* End PBXFrameworksBuildPhase section */

/* Begin PBXGroup section */
		6C0C81EC2027CD4200E04D7E = {
			isa = PBXGroup;
			children = (
				6C0C81F72027CD4300E04D7E /* Hotdog */,
				6C0C81F62027CD4300E04D7E /* Products */,
			);
			sourceTree = "<group>";
		};
		6C0C81F62027CD4300E04D7E /* Products */ = {
			isa = PBXGroup;
			children = (
				6C0C81F52027CD4300E04D7E /* Hotdog.app */,
			);
			name = Products;
			sourceTree = "<group>";
		};
		6C0C81F72027CD4300E04D7E /* Hotdog */ = {
			isa = PBXGroup;
			children = (
				6C0C81F82027CD4300E04D7E /* AppDelegate.swift */,
				6C0C81FA2027CD4300E04D7E /* ViewController.swift */,
				6C0C81FC2027CD4300E04D7E /* Main.storyboard */,
				6C0C81FF2027CD4300E04D7E /* Assets.xcassets */,
				6C0C82012027CD4300E04D7E /* LaunchScreen.storyboard */,
				6C0C82042027CD4300E04D7E /* Info.plist */,
				6C0C820A2027CE3800E04D7E /* Inceptionv3.mlmodel */,
			);
			path = Hotdog;
			sourceTree = "<group>";
		};
/* End PBXGroup section */

/* Begin PBXNativeTarget section */
		6C0C81F42027CD4200E04D7E /* Hotdog */ = {
			isa = PBXNativeTarget;
			buildConfigurationList = 6C0C82072027CD4300E04D7E /* Build configuration list for PBXNativeTarget "Hotdog" */;
			buildPhases = (
				6C0C81F12027CD4200E04D7E /* Sources */,
				6C0C81F22027CD4200E04D7E /* Frameworks */,
				6C0C81F32027CD4200E04D7E /* Resources */,
			);
			buildRules = (
			);
			dependencies = (
			);
			name = Hotdog;
			productName = Hotdog;
			productReference = 6C0C81F52027CD4300E04D7E /* Hotdog.app */;
			productType = "com.apple.product-type.application";
		};
/* End PBXNativeTarget section */

/* Begin PBXProject section */
		6C0C81ED2027CD4200E04D7E /* Project object */ = {
			isa = PBXProject;
			attributes = {
				LastSwiftUpdateCheck = 0920;
				LastUpgradeCheck = 0920;
				ORGANIZATIONNAME = ddApps;
				TargetAttributes = {
					6C0C81F42027CD4200E04D7E = {
						CreatedOnToolsVersion = 9.2;
						ProvisioningStyle = Manual;
					};
				};
			};
			buildConfigurationList = 6C0C81F02027CD4200E04D7E /* Build configuration list for PBXProject "Hotdog" */;
			compatibilityVersion = "Xcode 8.0";
			developmentRegion = en;
			hasScannedForEncodings = 0;
			knownRegions = (
				en,
				Base,
			);
			mainGroup = 6C0C81EC2027CD4200E04D7E;
			productRefGroup = 6C0C81F62027CD4300E04D7E /* Products */;
			projectDirPath = "";
			projectRoot = "";
			targets = (
				6C0C81F42027CD4200E04D7E /* Hotdog */,
			);
		};
/* End PBXProject section */

/* Begin PBXResourcesBuildPhase section */
		6C0C81F32027CD4200E04D7E /* Resources */ = {
			isa = PBXResourcesBuildPhase;
			buildActionMask = 2147483647;
			files = (
				6C0C82032027CD4300E04D7E /* LaunchScreen.storyboard in Resources */,
				6C0C82002027CD4300E04D7E /* Assets.xcassets in Resources */,
				6C0C81FE2027CD4300E04D7E /* Main.storyboard in Resources */,
			);
			runOnlyForDeploymentPostprocessing = 0;
		};
/* End PBXResourcesBuildPhase section */

/* Begin PBXSourcesBuildPhase section */
		6C0C81F12027CD4200E04D7E /* Sources */ = {
			isa = PBXSourcesBuildPhase;
			buildActionMask = 2147483647;
			files = (
				6C0C81FB2027CD4300E04D7E /* ViewController.swift in Sources */,
				6C0C820B2027CE3800E04D7E /* Inceptionv3.mlmodel in Sources */,
				6C0C81F92027CD4300E04D7E /* AppDelegate.swift in Sources */,
			);
			runOnlyForDeploymentPostprocessing = 0;
		};
/* End PBXSourcesBuildPhase section */

/* Begin PBXVariantGroup section */
		6C0C81FC2027CD4300E04D7E /* Main.storyboard */ = {
			isa = PBXVariantGroup;
			children = (
				6C0C81FD2027CD4300E04D7E /* Base */,
			);
			name = Main.storyboard;
			sourceTree = "<group>";
		};
		6C0C82012027CD4300E04D7E /* LaunchScreen.storyboard */ = {
			isa = PBXVariantGroup;
			children = (
				6C0C82022027CD4300E04D7E /* Base */,
			);
			name = LaunchScreen.storyboard;
			sourceTree = "<group>";
		};
/* End PBXVariantGroup section */

/* Begin XCBuildConfiguration section */
		6C0C82052027CD4300E04D7E /* Debug */ = {
			isa = XCBuildConfiguration;
			buildSettings = {
				ALWAYS_SEARCH_USER_PATHS = NO;
				CLANG_ANALYZER_NONNULL = YES;
				CLANG_ANALYZER_NUMBER_OBJECT_CONVERSION = YES_AGGRESSIVE;
				CLANG_CXX_LANGUAGE_STANDARD = "gnu++14";
				CLANG_CXX_LIBRARY = "libc++";
				CLANG_ENABLE_MODULES = YES;
				CLANG_ENABLE_OBJC_ARC = YES;
				CLANG_WARN_BLOCK_CAPTURE_AUTORELEASING = YES;
				CLANG_WARN_BOOL_CONVERSION = YES;
				CLANG_WARN_COMMA = YES;
				CLANG_WARN_CONSTANT_CONVERSION = YES;
				CLANG_WARN_DIRECT_OBJC_ISA_USAGE = YES_ERROR;
				CLANG_WARN_DOCUMENTATION_COMMENTS = YES;
				CLANG_WARN_EMPTY_BODY = YES;
				CLANG_WARN_ENUM_CONVERSION = YES;
				CLANG_WARN_INFINITE_RECURSION = YES;
				CLANG_WARN_INT_CONVERSION = YES;
				CLANG_WARN_NON_LITERAL_NULL_CONVERSION = YES;
				CLANG_WARN_OBJC_LITERAL_CONVERSION = YES;
				CLANG_WARN_OBJC_ROOT_CLASS = YES_ERROR;
				CLANG_WARN_RANGE_LOOP_ANALYSIS = YES;
				CLANG_WARN_STRICT_PROTOTYPES = YES;
				CLANG_WARN_SUSPICIOUS_MOVE = YES;
				CLANG_WARN_UNGUARDED_AVAILABILITY = YES_AGGRESSIVE;
				CLANG_WARN_UNREACHABLE_CODE = YES;
				CLANG_WARN__DUPLICATE_METHOD_MATCH = YES;
				CODE_SIGN_IDENTITY = "iPhone Developer";
				COPY_PHASE_STRIP = NO;
				DEBUG_INFORMATION_FORMAT = dwarf;
				ENABLE_STRICT_OBJC_MSGSEND = YES;
				ENABLE_TESTABILITY = YES;
				GCC_C_LANGUAGE_STANDARD = gnu11;
				GCC_DYNAMIC_NO_PIC = NO;
				GCC_NO_COMMON_BLOCKS = YES;
				GCC_OPTIMIZATION_LEVEL = 0;
				GCC_PREPROCESSOR_DEFINITIONS = (
					"DEBUG=1",
					"$(inherited)",
				);
				GCC_WARN_64_TO_32_BIT_CONVERSION = YES;
				GCC_WARN_ABOUT_RETURN_TYPE = YES_ERROR;
				GCC_WARN_UNDECLARED_SELECTOR = YES;
				GCC_WARN_UNINITIALIZED_AUTOS = YES_AGGRESSIVE;
				GCC_WARN_UNUSED_FUNCTION = YES;
				GCC_WARN_UNUSED_VARIABLE = YES;
				IPHONEOS_DEPLOYMENT_TARGET = 11.2;
				MTL_ENABLE_DEBUG_INFO = YES;
				ONLY_ACTIVE_ARCH = YES;
				SDKROOT = iphoneos;
				SWIFT_ACTIVE_COMPILATION_CONDITIONS = DEBUG;
				SWIFT_OPTIMIZATION_LEVEL = "-Onone";
			};
			name = Debug;
		};
		6C0C82062027CD4300E04D7E /* Release */ = {
			isa = XCBuildConfiguration;
			buildSettings = {
				ALWAYS_SEARCH_USER_PATHS = NO;
				CLANG_ANALYZER_NONNULL = YES;
				CLANG_ANALYZER_NUMBER_OBJECT_CONVERSION = YES_AGGRESSIVE;
				CLANG_CXX_LANGUAGE_STANDARD = "gnu++14";
				CLANG_CXX_LIBRARY = "libc++";
				CLANG_ENABLE_MODULES = YES;
				CLANG_ENABLE_OBJC_ARC = YES;
				CLANG_WARN_BLOCK_CAPTURE_AUTORELEASING = YES;
				CLANG_WARN_BOOL_CONVERSION = YES;
				CLANG_WARN_COMMA = YES;
				CLANG_WARN_CONSTANT_CONVERSION = YES;
				CLANG_WARN_DIRECT_OBJC_ISA_USAGE = YES_ERROR;
				CLANG_WARN_DOCUMENTATION_COMMENTS = YES;
				CLANG_WARN_EMPTY_BODY = YES;
				CLANG_WARN_ENUM_CONVERSION = YES;
				CLANG_WARN_INFINITE_RECURSION = YES;
				CLANG_WARN_INT_CONVERSION = YES;
				CLANG_WARN_NON_LITERAL_NULL_CONVERSION = YES;
				CLANG_WARN_OBJC_LITERAL_CONVERSION = YES;
				CLANG_WARN_OBJC_ROOT_CLASS = YES_ERROR;
				CLANG_WARN_RANGE_LOOP_ANALYSIS = YES;
				CLANG_WARN_STRICT_PROTOTYPES = YES;
				CLANG_WARN_SUSPICIOUS_MOVE = YES;
				CLANG_WARN_UNGUARDED_AVAILABILITY = YES_AGGRESSIVE;
				CLANG_WARN_UNREACHABLE_CODE = YES;
				CLANG_WARN__DUPLICATE_METHOD_MATCH = YES;
				CODE_SIGN_IDENTITY = "iPhone Developer";
				COPY_PHASE_STRIP = NO;
				DEBUG_INFORMATION_FORMAT = "dwarf-with-dsym";
				ENABLE_NS_ASSERTIONS = NO;
				ENABLE_STRICT_OBJC_MSGSEND = YES;
				GCC_C_LANGUAGE_STANDARD = gnu11;
				GCC_NO_COMMON_BLOCKS = YES;
				GCC_WARN_64_TO_32_BIT_CONVERSION = YES;
				GCC_WARN_ABOUT_RETURN_TYPE = YES_ERROR;
				GCC_WARN_UNDECLARED_SELECTOR = YES;
				GCC_WARN_UNINITIALIZED_AUTOS = YES_AGGRESSIVE;
				GCC_WARN_UNUSED_FUNCTION = YES;
				GCC_WARN_UNUSED_VARIABLE = YES;
				IPHONEOS_DEPLOYMENT_TARGET = 11.2;
				MTL_ENABLE_DEBUG_INFO = NO;
				SDKROOT = iphoneos;
				SWIFT_OPTIMIZATION_LEVEL = "-Owholemodule";
				VALIDATE_PRODUCT = YES;
			};
			name = Release;
		};
		6C0C82082027CD4300E04D7E /* Debug */ = {
			isa = XCBuildConfiguration;
			buildSettings = {
				ASSETCATALOG_COMPILER_APPICON_NAME = AppIcon;
				CODE_SIGN_STYLE = Manual;
				DEVELOPMENT_TEAM = "";
				INFOPLIST_FILE = Hotdog/Info.plist;
				IPHONEOS_DEPLOYMENT_TARGET = 11.0;
				LD_RUNPATH_SEARCH_PATHS = "$(inherited) @executable_path/Frameworks";
				PRODUCT_BUNDLE_IDENTIFIER = co.ddapps.hotdog;
				PRODUCT_NAME = "$(TARGET_NAME)";
				PROVISIONING_PROFILE_SPECIFIER = "";
				SWIFT_VERSION = 4.0;
				TARGETED_DEVICE_FAMILY = "1,2";
			};
			name = Debug;
		};
		6C0C82092027CD4300E04D7E /* Release */ = {
			isa = XCBuildConfiguration;
			buildSettings = {
				ASSETCATALOG_COMPILER_APPICON_NAME = AppIcon;
				CODE_SIGN_STYLE = Manual;
				DEVELOPMENT_TEAM = "";
				INFOPLIST_FILE = Hotdog/Info.plist;
				IPHONEOS_DEPLOYMENT_TARGET = 11.0;
				LD_RUNPATH_SEARCH_PATHS = "$(inherited) @executable_path/Frameworks";
				PRODUCT_BUNDLE_IDENTIFIER = co.ddapps.hotdog;
				PRODUCT_NAME = "$(TARGET_NAME)";
				PROVISIONING_PROFILE_SPECIFIER = "";
				SWIFT_VERSION = 4.0;
				TARGETED_DEVICE_FAMILY = "1,2";
			};
			name = Release;
		};
/* End XCBuildConfiguration section */

/* Begin XCConfigurationList section */
		6C0C81F02027CD4200E04D7E /* Build configuration list for PBXProject "Hotdog" */ = {
			isa = XCConfigurationList;
			buildConfigurations = (
				6C0C82052027CD4300E04D7E /* Debug */,
				6C0C82062027CD4300E04D7E /* Release */,
			);
			defaultConfigurationIsVisible = 0;
			defaultConfigurationName = Release;
		};
		6C0C82072027CD4300E04D7E /* Build configuration list for PBXNativeTarget "Hotdog" */ = {
			isa = XCConfigurationList;
			buildConfigurations = (
				6C0C82082027CD4300E04D7E /* Debug */,
				6C0C82092027CD4300E04D7E /* Release */,
			);
			defaultConfigurationIsVisible = 0;
			defaultConfigurationName = Release;
		};
/* End XCConfigurationList section */
	};
	rootObject = 6C0C81ED2027CD4200E04D7E /* Project object */;
}
